
Microsoft Visual Studio Solution File, Format Version 12.00
# Visual Studio Version 17
VisualStudioVersion = 17.2.32630.192
MinimumVisualStudioVersion = 10.0.40219.1
Project("{9A19103F-16F7-4668-BE54-9A1E7A4F7556}") = "HelloAPI", "HelloAPI\HelloAPI.csproj", "{EB083A6A-AFDD-46FC-BC74-69FC728C10A4}"
EndProject
Project("{9A19103F-16F7-4668-BE54-9A1E7A4F7556}") = "InvoiceGen", "InvoiceGen\InvoiceGen.csproj", "{9AE825AA-08E5-4605-A9C2-03B748A28493}"
EndProject
Project("{9A19103F-16F7-4668-BE54-9A1E7A4F7556}") = "ProcessorGen", "ProcessorGen\ProcessorGen.csproj", "{A25153AC-231B-448F-94A4-07B857710B43}"
EndProject
Project("{E53339B2-1760-4266-BCC7-CA923CBCF16C}") = "docker-compose", "docker-compose.dcproj", "{9913680C-39AE-4BB3-9743-EA62AA029D3F}"
EndProject
Project("{FAE04EC0-301F-11D3-BF4B-00C04F79EFBC}") = "HelloApp", "WebApplication1\HelloApp.csproj", "{BC5C2A02-DCB2-4770-9916-98B84C6E3331}"
EndProject
Global
	GlobalSection(SolutionConfigurationPlatforms) = preSolution
		Debug|Any CPU = Debug|Any CPU
		Release|Any CPU = Release|Any CPU
	EndGlobalSection
	GlobalSection(ProjectConfigurationPlatforms) = postSolution
		{EB083A6A-AFDD-46FC-BC74-69FC728C10A4}.Debug|Any CPU.ActiveCfg = Debug|Any CPU
		{EB083A6A-AFDD-46FC-BC74-69FC728C10A4}.Debug|Any CPU.Build.0 = Debug|Any CPU
		{EB083A6A-AFDD-46FC-BC74-69FC728C10A4}.Release|Any CPU.ActiveCfg = Release|Any CPU
		{EB083A6A-AFDD-46FC-BC74-69FC728C10A4}.Release|Any CPU.Build.0 = Release|Any CPU
		{9AE825AA-08E5-4605-A9C2-03B748A28493}.Debug|Any CPU.ActiveCfg = Debug|Any CPU
		{9AE825AA-08E5-4605-A9C2-03B748A28493}.Debug|Any CPU.Build.0 = Debug|Any CPU
		{9AE825AA-08E5-4605-A9C2-03B748A28493}.Release|Any CPU.ActiveCfg = Release|Any CPU
		{9AE825AA-08E5-4605-A9C2-03B748A28493}.Release|Any CPU.Build.0 = Release|Any CPU
		{A25153AC-231B-448F-94A4-07B857710B43}.Debug|Any CPU.ActiveCfg = Debug|Any CPU
		{A25153AC-231B-448F-94A4-07B857710B43}.Debug|Any CPU.Build.0 = Debug|Any CPU
		{A25153AC-231B-448F-94A4-07B857710B43}.Release|Any CPU.ActiveCfg = Release|Any CPU
		{A25153AC-231B-448F-94A4-07B857710B43}.Release|Any CPU.Build.0 = Release|Any CPU
		{9913680C-39AE-4BB3-9743-EA62AA029D3F}.Debug|Any CPU.ActiveCfg = Debug|Any CPU
		{9913680C-39AE-4BB3-9743-EA62AA029D3F}.Debug|Any CPU.Build.0 = Debug|Any CPU
		{9913680C-39AE-4BB3-9743-EA62AA029D3F}.Release|Any CPU.ActiveCfg = Release|Any CPU
		{9913680C-39AE-4BB3-9743-EA62AA029D3F}.Release|Any CPU.Build.0 = Release|Any CPU
		{BC5C2A02-DCB2-4770-9916-98B84C6E3331}.Debug|Any CPU.ActiveCfg = Debug|Any CPU
		{BC5C2A02-DCB2-4770-9916-98B84C6E3331}.Debug|Any CPU.Build.0 = Debug|Any CPU
		{BC5C2A02-DCB2-4770-9916-98B84C6E3331}.Release|Any CPU.ActiveCfg = Release|Any CPU
		{BC5C2A02-DCB2-4770-9916-98B84C6E3331}.Release|Any CPU.Build.0 = Release|Any CPU
	EndGlobalSection
	GlobalSection(SolutionProperties) = preSolution
		HideSolutionNode = FALSE
	EndGlobalSection
	GlobalSection(ExtensibilityGlobals) = postSolution
		SolutionGuid = {8E34B972-7A49-4290-9892-69E191532E04}
	EndGlobalSection
EndGlobal
